
Microsoft Visual Studio Solution File, Format Version 12.00
# Visual Studio Version 16
VisualStudioVersion = 16.0.30413.136
MinimumVisualStudioVersion = 10.0.40219.1
Project("{8BC9CEB8-8B4A-11D0-8D11-00A0C91BC942}") = "StrategusCore", "StrategusCore\StrategusCore.vcxproj", "{8F1FCA43-C680-41E5-87D1-290528BB9227}"
EndProject
Project("{8BC9CEB8-8B4A-11D0-8D11-00A0C91BC942}") = "StrategusClient", "StrategusClient\StrategusClient.vcxproj", "{35E17AD1-9DD9-4288-908D-95F32D59779C}"
	ProjectSection(ProjectDependencies) = postProject
		{8F1FCA43-C680-41E5-87D1-290528BB9227} = {8F1FCA43-C680-41E5-87D1-290528BB9227}
	EndProjectSection
EndProject
Project("{8BC9CEB8-8B4A-11D0-8D11-00A0C91BC942}") = "StrategusCoreTests", "StrategusCoreTests\StrategusCoreTests.vcxproj", "{23546F72-CFF2-41ED-83C1-45A33C26050B}"
EndProject
Project("{8BC9CEB8-8B4A-11D0-8D11-00A0C91BC942}") = "StrategusServer", "StrategusServer\StrategusServer.vcxproj", "{4C199494-C3AC-4A10-807E-A5561A15BA0B}"
EndProject
Project("{8BC9CEB8-8B4A-11D0-8D11-00A0C91BC942}") = "StrategusServerTests", "StrategusServerTests\StrategusServerTests.vcxproj", "{927A8A95-1C7B-48C1-8F6F-69229C9E3AB8}"
EndProject
Project("{8BC9CEB8-8B4A-11D0-8D11-00A0C91BC942}") = "StrategusClientTests", "StrategusClientTests\StrategusClientTests.vcxproj", "{59E21B0E-6A7A-4616-8380-4FBE92F4AFA3}"
EndProject
Project("{8BC9CEB8-8B4A-11D0-8D11-00A0C91BC942}") = "SingleNodeExe", "SingleNodeExe\SingleNodeExe.vcxproj", "{3A0A09C1-9125-44BF-9803-07B3E6CCE05C}"
EndProject
Global
	GlobalSection(SolutionConfigurationPlatforms) = preSolution
		Debug|x64 = Debug|x64
		Debug|x86 = Debug|x86
		Release|x64 = Release|x64
		Release|x86 = Release|x86
		SingleExeDebug|x64 = SingleExeDebug|x64
		SingleExeDebug|x86 = SingleExeDebug|x86
		Test|x64 = Test|x64
		Test|x86 = Test|x86
	EndGlobalSection
	GlobalSection(ProjectConfigurationPlatforms) = postSolution
		{8F1FCA43-C680-41E5-87D1-290528BB9227}.Debug|x64.ActiveCfg = Debug|x64
		{8F1FCA43-C680-41E5-87D1-290528BB9227}.Debug|x64.Build.0 = Debug|x64
		{8F1FCA43-C680-41E5-87D1-290528BB9227}.Debug|x86.ActiveCfg = Debug|Win32
		{8F1FCA43-C680-41E5-87D1-290528BB9227}.Debug|x86.Build.0 = Debug|Win32
		{8F1FCA43-C680-41E5-87D1-290528BB9227}.Release|x64.ActiveCfg = Release|x64
		{8F1FCA43-C680-41E5-87D1-290528BB9227}.Release|x64.Build.0 = Release|x64
		{8F1FCA43-C680-41E5-87D1-290528BB9227}.Release|x86.ActiveCfg = Release|Win32
		{8F1FCA43-C680-41E5-87D1-290528BB9227}.Release|x86.Build.0 = Release|Win32
		{8F1FCA43-C680-41E5-87D1-290528BB9227}.SingleExeDebug|x64.ActiveCfg = SingleExeDebug|x64
		{8F1FCA43-C680-41E5-87D1-290528BB9227}.SingleExeDebug|x64.Build.0 = SingleExeDebug|x64
		{8F1FCA43-C680-41E5-87D1-290528BB9227}.SingleExeDebug|x86.ActiveCfg = SingleExeDebug|Win32
		{8F1FCA43-C680-41E5-87D1-290528BB9227}.SingleExeDebug|x86.Build.0 = SingleExeDebug|Win32
		{8F1FCA43-C680-41E5-87D1-290528BB9227}.Test|x64.ActiveCfg = Test|x64
		{8F1FCA43-C680-41E5-87D1-290528BB9227}.Test|x64.Build.0 = Test|x64
		{8F1FCA43-C680-41E5-87D1-290528BB9227}.Test|x86.ActiveCfg = Test|Win32
		{8F1FCA43-C680-41E5-87D1-290528BB9227}.Test|x86.Build.0 = Test|Win32
		{35E17AD1-9DD9-4288-908D-95F32D59779C}.Debug|x64.ActiveCfg = Debug|x64
		{35E17AD1-9DD9-4288-908D-95F32D59779C}.Debug|x64.Build.0 = Debug|x64
		{35E17AD1-9DD9-4288-908D-95F32D59779C}.Debug|x86.ActiveCfg = Debug|Win32
		{35E17AD1-9DD9-4288-908D-95F32D59779C}.Debug|x86.Build.0 = Debug|Win32
		{35E17AD1-9DD9-4288-908D-95F32D59779C}.Release|x64.ActiveCfg = Release|x64
		{35E17AD1-9DD9-4288-908D-95F32D59779C}.Release|x64.Build.0 = Release|x64
		{35E17AD1-9DD9-4288-908D-95F32D59779C}.Release|x86.ActiveCfg = Release|Win32
		{35E17AD1-9DD9-4288-908D-95F32D59779C}.Release|x86.Build.0 = Release|Win32
		{35E17AD1-9DD9-4288-908D-95F32D59779C}.SingleExeDebug|x64.ActiveCfg = SingleExeDebug|x64
		{35E17AD1-9DD9-4288-908D-95F32D59779C}.SingleExeDebug|x64.Build.0 = SingleExeDebug|x64
		{35E17AD1-9DD9-4288-908D-95F32D59779C}.SingleExeDebug|x86.ActiveCfg = SingleExeDebug|Win32
		{35E17AD1-9DD9-4288-908D-95F32D59779C}.SingleExeDebug|x86.Build.0 = SingleExeDebug|Win32
		{35E17AD1-9DD9-4288-908D-95F32D59779C}.Test|x64.ActiveCfg = Test|x64
		{35E17AD1-9DD9-4288-908D-95F32D59779C}.Test|x64.Build.0 = Test|x64
		{35E17AD1-9DD9-4288-908D-95F32D59779C}.Test|x86.ActiveCfg = Test|Win32
		{35E17AD1-9DD9-4288-908D-95F32D59779C}.Test|x86.Build.0 = Test|Win32
		{23546F72-CFF2-41ED-83C1-45A33C26050B}.Debug|x64.ActiveCfg = Debug|x64
		{23546F72-CFF2-41ED-83C1-45A33C26050B}.Debug|x86.ActiveCfg = Debug|Win32
		{23546F72-CFF2-41ED-83C1-45A33C26050B}.Debug|x86.Build.0 = Debug|Win32
		{23546F72-CFF2-41ED-83C1-45A33C26050B}.Release|x64.ActiveCfg = Release|x64
		{23546F72-CFF2-41ED-83C1-45A33C26050B}.Release|x64.Build.0 = Release|x64
		{23546F72-CFF2-41ED-83C1-45A33C26050B}.Release|x86.ActiveCfg = Release|Win32
		{23546F72-CFF2-41ED-83C1-45A33C26050B}.Release|x86.Build.0 = Release|Win32
		{23546F72-CFF2-41ED-83C1-45A33C26050B}.SingleExeDebug|x64.ActiveCfg = SingleExeDebug|x64
		{23546F72-CFF2-41ED-83C1-45A33C26050B}.SingleExeDebug|x86.ActiveCfg = SingleExeDebug|Win32
		{23546F72-CFF2-41ED-83C1-45A33C26050B}.SingleExeDebug|x86.Build.0 = SingleExeDebug|Win32
		{23546F72-CFF2-41ED-83C1-45A33C26050B}.Test|x64.ActiveCfg = Test|x64
		{23546F72-CFF2-41ED-83C1-45A33C26050B}.Test|x64.Build.0 = Test|x64
		{23546F72-CFF2-41ED-83C1-45A33C26050B}.Test|x86.ActiveCfg = Test|Win32
		{23546F72-CFF2-41ED-83C1-45A33C26050B}.Test|x86.Build.0 = Test|Win32
		{4C199494-C3AC-4A10-807E-A5561A15BA0B}.Debug|x64.ActiveCfg = Debug|x64
		{4C199494-C3AC-4A10-807E-A5561A15BA0B}.Debug|x64.Build.0 = Debug|x64
		{4C199494-C3AC-4A10-807E-A5561A15BA0B}.Debug|x86.ActiveCfg = Debug|Win32
		{4C199494-C3AC-4A10-807E-A5561A15BA0B}.Debug|x86.Build.0 = Debug|Win32
		{4C199494-C3AC-4A10-807E-A5561A15BA0B}.Release|x64.ActiveCfg = Release|x64
		{4C199494-C3AC-4A10-807E-A5561A15BA0B}.Release|x64.Build.0 = Release|x64
		{4C199494-C3AC-4A10-807E-A5561A15BA0B}.Release|x86.ActiveCfg = Release|Win32
		{4C199494-C3AC-4A10-807E-A5561A15BA0B}.Release|x86.Build.0 = Release|Win32
		{4C199494-C3AC-4A10-807E-A5561A15BA0B}.SingleExeDebug|x64.ActiveCfg = SingleExeDebug|x64
		{4C199494-C3AC-4A10-807E-A5561A15BA0B}.SingleExeDebug|x64.Build.0 = SingleExeDebug|x64
		{4C199494-C3AC-4A10-807E-A5561A15BA0B}.SingleExeDebug|x86.ActiveCfg = SingleExeDebug|Win32
		{4C199494-C3AC-4A10-807E-A5561A15BA0B}.SingleExeDebug|x86.Build.0 = SingleExeDebug|Win32
		{4C199494-C3AC-4A10-807E-A5561A15BA0B}.Test|x64.ActiveCfg = Test|x64
		{4C199494-C3AC-4A10-807E-A5561A15BA0B}.Test|x64.Build.0 = Test|x64
		{4C199494-C3AC-4A10-807E-A5561A15BA0B}.Test|x86.ActiveCfg = Test|Win32
		{4C199494-C3AC-4A10-807E-A5561A15BA0B}.Test|x86.Build.0 = Test|Win32
		{927A8A95-1C7B-48C1-8F6F-69229C9E3AB8}.Debug|x64.ActiveCfg = Debug|x64
		{927A8A95-1C7B-48C1-8F6F-69229C9E3AB8}.Debug|x86.ActiveCfg = Debug|Win32
		{927A8A95-1C7B-48C1-8F6F-69229C9E3AB8}.Debug|x86.Build.0 = Debug|Win32
		{927A8A95-1C7B-48C1-8F6F-69229C9E3AB8}.Release|x64.ActiveCfg = Release|x64
		{927A8A95-1C7B-48C1-8F6F-69229C9E3AB8}.Release|x64.Build.0 = Release|x64
		{927A8A95-1C7B-48C1-8F6F-69229C9E3AB8}.Release|x86.ActiveCfg = Release|Win32
		{927A8A95-1C7B-48C1-8F6F-69229C9E3AB8}.Release|x86.Build.0 = Release|Win32
		{927A8A95-1C7B-48C1-8F6F-69229C9E3AB8}.SingleExeDebug|x64.ActiveCfg = SingleExeDebug|x64
		{927A8A95-1C7B-48C1-8F6F-69229C9E3AB8}.SingleExeDebug|x86.ActiveCfg = SingleExeDebug|Win32
		{927A8A95-1C7B-48C1-8F6F-69229C9E3AB8}.SingleExeDebug|x86.Build.0 = SingleExeDebug|Win32
		{927A8A95-1C7B-48C1-8F6F-69229C9E3AB8}.Test|x64.ActiveCfg = Test|x64
		{927A8A95-1C7B-48C1-8F6F-69229C9E3AB8}.Test|x64.Build.0 = Test|x64
		{927A8A95-1C7B-48C1-8F6F-69229C9E3AB8}.Test|x86.ActiveCfg = Test|Win32
		{927A8A95-1C7B-48C1-8F6F-69229C9E3AB8}.Test|x86.Build.0 = Test|Win32
		{59E21B0E-6A7A-4616-8380-4FBE92F4AFA3}.Debug|x64.ActiveCfg = Debug|x64
		{59E21B0E-6A7A-4616-8380-4FBE92F4AFA3}.Debug|x86.ActiveCfg = Debug|Win32
		{59E21B0E-6A7A-4616-8380-4FBE92F4AFA3}.Debug|x86.Build.0 = Debug|Win32
		{59E21B0E-6A7A-4616-8380-4FBE92F4AFA3}.Release|x64.ActiveCfg = Release|x64
		{59E21B0E-6A7A-4616-8380-4FBE92F4AFA3}.Release|x64.Build.0 = Release|x64
		{59E21B0E-6A7A-4616-8380-4FBE92F4AFA3}.Release|x86.ActiveCfg = Release|Win32
		{59E21B0E-6A7A-4616-8380-4FBE92F4AFA3}.Release|x86.Build.0 = Release|Win32
		{59E21B0E-6A7A-4616-8380-4FBE92F4AFA3}.SingleExeDebug|x64.ActiveCfg = SingleExeDebug|x64
		{59E21B0E-6A7A-4616-8380-4FBE92F4AFA3}.SingleExeDebug|x86.ActiveCfg = SingleExeDebug|Win32
		{59E21B0E-6A7A-4616-8380-4FBE92F4AFA3}.SingleExeDebug|x86.Build.0 = SingleExeDebug|Win32
		{59E21B0E-6A7A-4616-8380-4FBE92F4AFA3}.Test|x64.ActiveCfg = Test|x64
		{59E21B0E-6A7A-4616-8380-4FBE92F4AFA3}.Test|x64.Build.0 = Test|x64
		{59E21B0E-6A7A-4616-8380-4FBE92F4AFA3}.Test|x86.ActiveCfg = Release|Win32
		{59E21B0E-6A7A-4616-8380-4FBE92F4AFA3}.Test|x86.Build.0 = Release|Win32
		{3A0A09C1-9125-44BF-9803-07B3E6CCE05C}.Debug|x64.ActiveCfg = Debug|x64
		{3A0A09C1-9125-44BF-9803-07B3E6CCE05C}.Debug|x64.Build.0 = Debug|x64
		{3A0A09C1-9125-44BF-9803-07B3E6CCE05C}.Debug|x86.ActiveCfg = Debug|Win32
		{3A0A09C1-9125-44BF-9803-07B3E6CCE05C}.Debug|x86.Build.0 = Debug|Win32
		{3A0A09C1-9125-44BF-9803-07B3E6CCE05C}.Release|x64.ActiveCfg = Release|x64
		{3A0A09C1-9125-44BF-9803-07B3E6CCE05C}.Release|x64.Build.0 = Release|x64
		{3A0A09C1-9125-44BF-9803-07B3E6CCE05C}.Release|x86.ActiveCfg = Release|Win32
		{3A0A09C1-9125-44BF-9803-07B3E6CCE05C}.Release|x86.Build.0 = Release|Win32
		{3A0A09C1-9125-44BF-9803-07B3E6CCE05C}.SingleExeDebug|x64.ActiveCfg = SingleExeDebug|x64
		{3A0A09C1-9125-44BF-9803-07B3E6CCE05C}.SingleExeDebug|x64.Build.0 = SingleExeDebug|x64
		{3A0A09C1-9125-44BF-9803-07B3E6CCE05C}.SingleExeDebug|x86.ActiveCfg = SingleExeDebug|Win32
		{3A0A09C1-9125-44BF-9803-07B3E6CCE05C}.Test|x64.ActiveCfg = Debug|x64
		{3A0A09C1-9125-44BF-9803-07B3E6CCE05C}.Test|x86.ActiveCfg = Release|Win32
		{3A0A09C1-9125-44BF-9803-07B3E6CCE05C}.Test|x86.Build.0 = Release|Win32
	EndGlobalSection
	GlobalSection(SolutionProperties) = preSolution
		HideSolutionNode = FALSE
	EndGlobalSection
	GlobalSection(ExtensibilityGlobals) = postSolution
		SolutionGuid = {5C4127C8-F4FA-44A0-A2A2-712816BD6515}
	EndGlobalSection
EndGlobal
